
Microsoft Visual Studio Solution File, Format Version 12.00
# Visual Studio 15
VisualStudioVersion = 15.0.26730.10
MinimumVisualStudioVersion = 10.0.40219.1
Project("{8BC9CEB8-8B4A-11D0-8D11-00A0C91BC942}") = "lab31", "lab31\lab31.vcxproj", "{9387BF55-520C-40B1-9018-E8D12CF811EA}"
EndProject
Project("{8BC9CEB8-8B4A-11D0-8D11-00A0C91BC942}") = "дфи32", "дфи32\дфи32.vcxproj", "{15E3CE6B-0446-4437-ABAD-EAFFA0B4D5D2}"
EndProject
Global
	GlobalSection(SolutionConfigurationPlatforms) = preSolution
		Debug|x64 = Debug|x64
		Debug|x86 = Debug|x86
		Release|x64 = Release|x64
		Release|x86 = Release|x86
	EndGlobalSection
	GlobalSection(ProjectConfigurationPlatforms) = postSolution
		{9387BF55-520C-40B1-9018-E8D12CF811EA}.Debug|x64.ActiveCfg = Debug|x64
		{9387BF55-520C-40B1-9018-E8D12CF811EA}.Debug|x64.Build.0 = Debug|x64
		{9387BF55-520C-40B1-9018-E8D12CF811EA}.Debug|x86.ActiveCfg = Debug|Win32
		{9387BF55-520C-40B1-9018-E8D12CF811EA}.Debug|x86.Build.0 = Debug|Win32
		{9387BF55-520C-40B1-9018-E8D12CF811EA}.Release|x64.ActiveCfg = Release|x64
		{9387BF55-520C-40B1-9018-E8D12CF811EA}.Release|x64.Build.0 = Release|x64
		{9387BF55-520C-40B1-9018-E8D12CF811EA}.Release|x86.ActiveCfg = Release|Win32
		{9387BF55-520C-40B1-9018-E8D12CF811EA}.Release|x86.Build.0 = Release|Win32
		{15E3CE6B-0446-4437-ABAD-EAFFA0B4D5D2}.Debug|x64.ActiveCfg = Debug|x64
		{15E3CE6B-0446-4437-ABAD-EAFFA0B4D5D2}.Debug|x64.Build.0 = Debug|x64
		{15E3CE6B-0446-4437-ABAD-EAFFA0B4D5D2}.Debug|x86.ActiveCfg = Debug|Win32
		{15E3CE6B-0446-4437-ABAD-EAFFA0B4D5D2}.Debug|x86.Build.0 = Debug|Win32
		{15E3CE6B-0446-4437-ABAD-EAFFA0B4D5D2}.Release|x64.ActiveCfg = Release|x64
		{15E3CE6B-0446-4437-ABAD-EAFFA0B4D5D2}.Release|x64.Build.0 = Release|x64
		{15E3CE6B-0446-4437-ABAD-EAFFA0B4D5D2}.Release|x86.ActiveCfg = Release|Win32
		{15E3CE6B-0446-4437-ABAD-EAFFA0B4D5D2}.Release|x86.Build.0 = Release|Win32
	EndGlobalSection
	GlobalSection(SolutionProperties) = preSolution
		HideSolutionNode = FALSE
	EndGlobalSection
	GlobalSection(ExtensibilityGlobals) = postSolution
		SolutionGuid = {6FEDF147-5D07-4E53-9F0A-A2E951EFD238}
	EndGlobalSection
EndGlobal
